
Microsoft Visual Studio Solution File, Format Version 12.00
# Visual Studio Version 16
VisualStudioVersion = 16.0.30804.86
MinimumVisualStudioVersion = 10.0.40219.1
Project("{FAE04EC0-301F-11D3-BF4B-00C04F79EFBC}") = "Matematica.test", "Matematica.test\Matematica.test.csproj", "{BF2FF07E-3C46-4D3D-B1C7-6AC9374CA83C}"
EndProject
Global
	GlobalSection(SolutionConfigurationPlatforms) = preSolution
		Debug|Any CPU = Debug|Any CPU
		Release|Any CPU = Release|Any CPU
	EndGlobalSection
	GlobalSection(ProjectConfigurationPlatforms) = postSolution
		{BF2FF07E-3C46-4D3D-B1C7-6AC9374CA83C}.Debug|Any CPU.ActiveCfg = Debug|Any CPU
		{BF2FF07E-3C46-4D3D-B1C7-6AC9374CA83C}.Debug|Any CPU.Build.0 = Debug|Any CPU
		{BF2FF07E-3C46-4D3D-B1C7-6AC9374CA83C}.Release|Any CPU.ActiveCfg = Release|Any CPU
		{BF2FF07E-3C46-4D3D-B1C7-6AC9374CA83C}.Release|Any CPU.Build.0 = Release|Any CPU
	EndGlobalSection
	GlobalSection(SolutionProperties) = preSolution
		HideSolutionNode = FALSE
	EndGlobalSection
	GlobalSection(ExtensibilityGlobals) = postSolution
		SolutionGuid = {B02A5296-3166-45B3-84DB-1F0834DABC85}
	EndGlobalSection
EndGlobal
